
Microsoft Visual Studio Solution File, Format Version 12.00
# Visual Studio Version 16
VisualStudioVersion = 16.0.31515.178
MinimumVisualStudioVersion = 10.0.40219.1
Project("{FAE04EC0-301F-11D3-BF4B-00C04F79EFBC}") = "Check_even_or_not", "Check_even_or_not\Check_even_or_not.csproj", "{760C08DF-BCC8-4E5E-A56A-E7446EE71008}"
EndProject
Global
	GlobalSection(SolutionConfigurationPlatforms) = preSolution
		Debug|Any CPU = Debug|Any CPU
		Release|Any CPU = Release|Any CPU
	EndGlobalSection
	GlobalSection(ProjectConfigurationPlatforms) = postSolution
		{760C08DF-BCC8-4E5E-A56A-E7446EE71008}.Debug|Any CPU.ActiveCfg = Debug|Any CPU
		{760C08DF-BCC8-4E5E-A56A-E7446EE71008}.Debug|Any CPU.Build.0 = Debug|Any CPU
		{760C08DF-BCC8-4E5E-A56A-E7446EE71008}.Release|Any CPU.ActiveCfg = Release|Any CPU
		{760C08DF-BCC8-4E5E-A56A-E7446EE71008}.Release|Any CPU.Build.0 = Release|Any CPU
	EndGlobalSection
	GlobalSection(SolutionProperties) = preSolution
		HideSolutionNode = FALSE
	EndGlobalSection
	GlobalSection(ExtensibilityGlobals) = postSolution
		SolutionGuid = {B24CB171-697E-4C15-92A1-B5A8A0A7D9EB}
	EndGlobalSection
EndGlobal
