
Microsoft Visual Studio Solution File, Format Version 12.00
# Visual Studio Version 16
VisualStudioVersion = 16.0.31515.178
MinimumVisualStudioVersion = 10.0.40219.1
Project("{FAE04EC0-301F-11D3-BF4B-00C04F79EFBC}") = "Compute-Quotient-and-Reminder", "Compute-Quotient-and-Reminder\Compute-Quotient-and-Reminder.csproj", "{6515C4EB-C609-4F72-994C-74C1F8C47324}"
EndProject
Global
	GlobalSection(SolutionConfigurationPlatforms) = preSolution
		Debug|Any CPU = Debug|Any CPU
		Release|Any CPU = Release|Any CPU
	EndGlobalSection
	GlobalSection(ProjectConfigurationPlatforms) = postSolution
		{6515C4EB-C609-4F72-994C-74C1F8C47324}.Debug|Any CPU.ActiveCfg = Debug|Any CPU
		{6515C4EB-C609-4F72-994C-74C1F8C47324}.Debug|Any CPU.Build.0 = Debug|Any CPU
		{6515C4EB-C609-4F72-994C-74C1F8C47324}.Release|Any CPU.ActiveCfg = Release|Any CPU
		{6515C4EB-C609-4F72-994C-74C1F8C47324}.Release|Any CPU.Build.0 = Release|Any CPU
	EndGlobalSection
	GlobalSection(SolutionProperties) = preSolution
		HideSolutionNode = FALSE
	EndGlobalSection
	GlobalSection(ExtensibilityGlobals) = postSolution
		SolutionGuid = {191DB784-75F7-4424-907F-3A96DF6D69BB}
	EndGlobalSection
EndGlobal
