
Microsoft Visual Studio Solution File, Format Version 12.00
# Visual Studio Version 16
VisualStudioVersion = 16.0.31515.178
MinimumVisualStudioVersion = 10.0.40219.1
Project("{FAE04EC0-301F-11D3-BF4B-00C04F79EFBC}") = "leapYear", "leapYear\leapYear.csproj", "{944E3F2C-AB2E-4B01-8EAA-5A78DB06A2B6}"
EndProject
Global
	GlobalSection(SolutionConfigurationPlatforms) = preSolution
		Debug|Any CPU = Debug|Any CPU
		Release|Any CPU = Release|Any CPU
	EndGlobalSection
	GlobalSection(ProjectConfigurationPlatforms) = postSolution
		{944E3F2C-AB2E-4B01-8EAA-5A78DB06A2B6}.Debug|Any CPU.ActiveCfg = Debug|Any CPU
		{944E3F2C-AB2E-4B01-8EAA-5A78DB06A2B6}.Debug|Any CPU.Build.0 = Debug|Any CPU
		{944E3F2C-AB2E-4B01-8EAA-5A78DB06A2B6}.Release|Any CPU.ActiveCfg = Release|Any CPU
		{944E3F2C-AB2E-4B01-8EAA-5A78DB06A2B6}.Release|Any CPU.Build.0 = Release|Any CPU
	EndGlobalSection
	GlobalSection(SolutionProperties) = preSolution
		HideSolutionNode = FALSE
	EndGlobalSection
	GlobalSection(ExtensibilityGlobals) = postSolution
		SolutionGuid = {93AC6B62-6471-4656-911E-782AA46C19B4}
	EndGlobalSection
EndGlobal
