
Microsoft Visual Studio Solution File, Format Version 12.00
# Visual Studio Version 16
VisualStudioVersion = 16.0.31515.178
MinimumVisualStudioVersion = 10.0.40219.1
Project("{FAE04EC0-301F-11D3-BF4B-00C04F79EFBC}") = "harmonic", "harmonic\harmonic.csproj", "{A9B1A9D3-FE2E-4965-8EEE-1415D1558C00}"
EndProject
Global
	GlobalSection(SolutionConfigurationPlatforms) = preSolution
		Debug|Any CPU = Debug|Any CPU
		Release|Any CPU = Release|Any CPU
	EndGlobalSection
	GlobalSection(ProjectConfigurationPlatforms) = postSolution
		{A9B1A9D3-FE2E-4965-8EEE-1415D1558C00}.Debug|Any CPU.ActiveCfg = Debug|Any CPU
		{A9B1A9D3-FE2E-4965-8EEE-1415D1558C00}.Debug|Any CPU.Build.0 = Debug|Any CPU
		{A9B1A9D3-FE2E-4965-8EEE-1415D1558C00}.Release|Any CPU.ActiveCfg = Release|Any CPU
		{A9B1A9D3-FE2E-4965-8EEE-1415D1558C00}.Release|Any CPU.Build.0 = Release|Any CPU
	EndGlobalSection
	GlobalSection(SolutionProperties) = preSolution
		HideSolutionNode = FALSE
	EndGlobalSection
	GlobalSection(ExtensibilityGlobals) = postSolution
		SolutionGuid = {A451B056-94D8-48A8-BF7F-2643EE30E009}
	EndGlobalSection
EndGlobal
